
Microsoft Visual Studio Solution File, Format Version 12.00
# Visual Studio Version 16
VisualStudioVersion = 16.0.31729.503
MinimumVisualStudioVersion = 10.0.40219.1
Project("{FAE04EC0-301F-11D3-BF4B-00C04F79EFBC}") = "CustomDatabase", "CustomDatabase\CustomDatabase.csproj", "{4E726DB0-3758-4DE1-9065-9340EBD50F94}"
EndProject
Global
	GlobalSection(SolutionConfigurationPlatforms) = preSolution
		Debug|Any CPU = Debug|Any CPU
		Release|Any CPU = Release|Any CPU
	EndGlobalSection
	GlobalSection(ProjectConfigurationPlatforms) = postSolution
		{4E726DB0-3758-4DE1-9065-9340EBD50F94}.Debug|Any CPU.ActiveCfg = Debug|Any CPU
		{4E726DB0-3758-4DE1-9065-9340EBD50F94}.Debug|Any CPU.Build.0 = Debug|Any CPU
		{4E726DB0-3758-4DE1-9065-9340EBD50F94}.Release|Any CPU.ActiveCfg = Release|Any CPU
		{4E726DB0-3758-4DE1-9065-9340EBD50F94}.Release|Any CPU.Build.0 = Release|Any CPU
	EndGlobalSection
	GlobalSection(SolutionProperties) = preSolution
		HideSolutionNode = FALSE
	EndGlobalSection
	GlobalSection(ExtensibilityGlobals) = postSolution
		SolutionGuid = {8BB025FB-AD6A-469C-8855-3162161FC4DB}
	EndGlobalSection
EndGlobal
